
Microsoft Visual Studio Solution File, Format Version 12.00
# Visual Studio Version 16
VisualStudioVersion = 16.0.30204.135
MinimumVisualStudioVersion = 10.0.40219.1
Project("{9A19103F-16F7-4668-BE54-9A1E7A4F7556}") = "EncriptionService", "EncriptionService\EncriptionService.csproj", "{3F9F5C10-02EE-4DC7-8415-1458689F9579}"
EndProject
Project("{9A19103F-16F7-4668-BE54-9A1E7A4F7556}") = "ApiGateway", "ApiGateway\ApiGateway.csproj", "{AA7DF130-BB35-4BDD-AEF4-EB34198EEEA3}"
EndProject
Global
	GlobalSection(SolutionConfigurationPlatforms) = preSolution
		Debug|Any CPU = Debug|Any CPU
		Release|Any CPU = Release|Any CPU
	EndGlobalSection
	GlobalSection(ProjectConfigurationPlatforms) = postSolution
		{3F9F5C10-02EE-4DC7-8415-1458689F9579}.Debug|Any CPU.ActiveCfg = Debug|Any CPU
		{3F9F5C10-02EE-4DC7-8415-1458689F9579}.Debug|Any CPU.Build.0 = Debug|Any CPU
		{3F9F5C10-02EE-4DC7-8415-1458689F9579}.Release|Any CPU.ActiveCfg = Release|Any CPU
		{3F9F5C10-02EE-4DC7-8415-1458689F9579}.Release|Any CPU.Build.0 = Release|Any CPU
		{AA7DF130-BB35-4BDD-AEF4-EB34198EEEA3}.Debug|Any CPU.ActiveCfg = Debug|Any CPU
		{AA7DF130-BB35-4BDD-AEF4-EB34198EEEA3}.Debug|Any CPU.Build.0 = Debug|Any CPU
		{AA7DF130-BB35-4BDD-AEF4-EB34198EEEA3}.Release|Any CPU.ActiveCfg = Release|Any CPU
		{AA7DF130-BB35-4BDD-AEF4-EB34198EEEA3}.Release|Any CPU.Build.0 = Release|Any CPU
	EndGlobalSection
	GlobalSection(SolutionProperties) = preSolution
		HideSolutionNode = FALSE
	EndGlobalSection
	GlobalSection(ExtensibilityGlobals) = postSolution
		SolutionGuid = {75F3B2F6-B3E9-4673-8F3B-5A26821DC23F}
	EndGlobalSection
EndGlobal
